// !$*UTF8*$!
{
	archiveVersion = 1;
	classes = {
	};
	objectVersion = 56;
	objects = {

/* Begin PBXBuildFile section */
		943229C629861DE100320902 /* HoneyApp.swift in Sources */ = {isa = PBXBuildFile; fileRef = 943229C529861DE100320902 /* HoneyApp.swift */; };
		943229C829861DE100320902 /* ContentView.swift in Sources */ = {isa = PBXBuildFile; fileRef = 943229C729861DE100320902 /* ContentView.swift */; };
		943229CA29861DE400320902 /* Assets.xcassets in Resources */ = {isa = PBXBuildFile; fileRef = 943229C929861DE400320902 /* Assets.xcassets */; };
		943229CD29861DE400320902 /* Preview Assets.xcassets in Resources */ = {isa = PBXBuildFile; fileRef = 943229CC29861DE400320902 /* Preview Assets.xcassets */; };
		943229D42986213900320902 /* Sounds in Resources */ = {isa = PBXBuildFile; fileRef = 943229D32986213900320902 /* Sounds */; };
		943229D9298622FD00320902 /* HoneymoonModel.swift in Sources */ = {isa = PBXBuildFile; fileRef = 943229D8298622FD00320902 /* HoneymoonModel.swift */; };
		943229DC298623C400320902 /* HoneymoonData.swift in Sources */ = {isa = PBXBuildFile; fileRef = 943229DB298623C400320902 /* HoneymoonData.swift */; };
		943229DF298624EE00320902 /* CardView.swift in Sources */ = {isa = PBXBuildFile; fileRef = 943229DE298624EE00320902 /* CardView.swift */; };
		94F4DB642986B4CA00B1271F /* HoneyView.swift in Sources */ = {isa = PBXBuildFile; fileRef = 94F4DB632986B4CA00B1271F /* HoneyView.swift */; };
		94F4DB662986B7CA00B1271F /* FooterView.swift in Sources */ = {isa = PBXBuildFile; fileRef = 94F4DB652986B7CA00B1271F /* FooterView.swift */; };
		94F4DB692986BB6500B1271F /* HeaderComponent.swift in Sources */ = {isa = PBXBuildFile; fileRef = 94F4DB682986BB6500B1271F /* HeaderComponent.swift */; };
		94F4DB6B2986BCC000B1271F /* GuideComponent.swift in Sources */ = {isa = PBXBuildFile; fileRef = 94F4DB6A2986BCC000B1271F /* GuideComponent.swift */; };
		94F4DB6D2986BF1500B1271F /* GuideView.swift in Sources */ = {isa = PBXBuildFile; fileRef = 94F4DB6C2986BF1500B1271F /* GuideView.swift */; };
/* End PBXBuildFile section */

/* Begin PBXFileReference section */
		943229C229861DE100320902 /* Honey.app */ = {isa = PBXFileReference; explicitFileType = wrapper.application; includeInIndex = 0; path = Honey.app; sourceTree = BUILT_PRODUCTS_DIR; };
		943229C529861DE100320902 /* HoneyApp.swift */ = {isa = PBXFileReference; lastKnownFileType = sourcecode.swift; path = HoneyApp.swift; sourceTree = "<group>"; };
		943229C729861DE100320902 /* ContentView.swift */ = {isa = PBXFileReference; lastKnownFileType = sourcecode.swift; path = ContentView.swift; sourceTree = "<group>"; };
		943229C929861DE400320902 /* Assets.xcassets */ = {isa = PBXFileReference; lastKnownFileType = folder.assetcatalog; path = Assets.xcassets; sourceTree = "<group>"; };
		943229CC29861DE400320902 /* Preview Assets.xcassets */ = {isa = PBXFileReference; lastKnownFileType = folder.assetcatalog; path = "Preview Assets.xcassets"; sourceTree = "<group>"; };
		943229D32986213900320902 /* Sounds */ = {isa = PBXFileReference; lastKnownFileType = folder; path = Sounds; sourceTree = "<group>"; };
		943229D8298622FD00320902 /* HoneymoonModel.swift */ = {isa = PBXFileReference; lastKnownFileType = sourcecode.swift; path = HoneymoonModel.swift; sourceTree = "<group>"; };
		943229DB298623C400320902 /* HoneymoonData.swift */ = {isa = PBXFileReference; lastKnownFileType = sourcecode.swift; path = HoneymoonData.swift; sourceTree = "<group>"; };
		943229DE298624EE00320902 /* CardView.swift */ = {isa = PBXFileReference; lastKnownFileType = sourcecode.swift; path = CardView.swift; sourceTree = "<group>"; };
		94F4DB632986B4CA00B1271F /* HoneyView.swift */ = {isa = PBXFileReference; lastKnownFileType = sourcecode.swift; path = HoneyView.swift; sourceTree = "<group>"; };
		94F4DB652986B7CA00B1271F /* FooterView.swift */ = {isa = PBXFileReference; lastKnownFileType = sourcecode.swift; path = FooterView.swift; sourceTree = "<group>"; };
		94F4DB682986BB6500B1271F /* HeaderComponent.swift */ = {isa = PBXFileReference; lastKnownFileType = sourcecode.swift; path = HeaderComponent.swift; sourceTree = "<group>"; };
		94F4DB6A2986BCC000B1271F /* GuideComponent.swift */ = {isa = PBXFileReference; lastKnownFileType = sourcecode.swift; path = GuideComponent.swift; sourceTree = "<group>"; };
		94F4DB6C2986BF1500B1271F /* GuideView.swift */ = {isa = PBXFileReference; lastKnownFileType = sourcecode.swift; path = GuideView.swift; sourceTree = "<group>"; };
/* End PBXFileReference section */

/* Begin PBXFrameworksBuildPhase section */
		943229BF29861DE100320902 /* Frameworks */ = {
			isa = PBXFrameworksBuildPhase;
			buildActionMask = 2147483647;
			files = (
			);
			runOnlyForDeploymentPostprocessing = 0;
		};
/* End PBXFrameworksBuildPhase section */

/* Begin PBXGroup section */
		943229B929861DE100320902 = {
			isa = PBXGroup;
			children = (
				943229C429861DE100320902 /* Honey */,
				943229C329861DE100320902 /* Products */,
			);
			sourceTree = "<group>";
		};
		943229C329861DE100320902 /* Products */ = {
			isa = PBXGroup;
			children = (
				943229C229861DE100320902 /* Honey.app */,
			);
			name = Products;
			sourceTree = "<group>";
		};
		943229C429861DE100320902 /* Honey */ = {
			isa = PBXGroup;
			children = (
				94F4DB672986BB3C00B1271F /* Component */,
				943229DA298623AE00320902 /* Data */,
				943229D7298622C300320902 /* Models */,
				943229C529861DE100320902 /* HoneyApp.swift */,
				943229DD298624BB00320902 /* View */,
				943229C929861DE400320902 /* Assets.xcassets */,
				943229D32986213900320902 /* Sounds */,
				943229CB29861DE400320902 /* Preview Content */,
			);
			path = Honey;
			sourceTree = "<group>";
		};
		943229CB29861DE400320902 /* Preview Content */ = {
			isa = PBXGroup;
			children = (
				943229CC29861DE400320902 /* Preview Assets.xcassets */,
			);
			path = "Preview Content";
			sourceTree = "<group>";
		};
		943229D7298622C300320902 /* Models */ = {
			isa = PBXGroup;
			children = (
				943229D8298622FD00320902 /* HoneymoonModel.swift */,
			);
			path = Models;
			sourceTree = "<group>";
		};
		943229DA298623AE00320902 /* Data */ = {
			isa = PBXGroup;
			children = (
				943229DB298623C400320902 /* HoneymoonData.swift */,
			);
			path = Data;
			sourceTree = "<group>";
		};
		943229DD298624BB00320902 /* View */ = {
			isa = PBXGroup;
			children = (
				943229C729861DE100320902 /* ContentView.swift */,
				943229DE298624EE00320902 /* CardView.swift */,
				94F4DB632986B4CA00B1271F /* HoneyView.swift */,
				94F4DB652986B7CA00B1271F /* FooterView.swift */,
				94F4DB6C2986BF1500B1271F /* GuideView.swift */,
			);
			path = View;
			sourceTree = "<group>";
		};
		94F4DB672986BB3C00B1271F /* Component */ = {
			isa = PBXGroup;
			children = (
				94F4DB682986BB6500B1271F /* HeaderComponent.swift */,
				94F4DB6A2986BCC000B1271F /* GuideComponent.swift */,
			);
			path = Component;
			sourceTree = "<group>";
		};
/* End PBXGroup section */

/* Begin PBXNativeTarget section */
		943229C129861DE100320902 /* Honey */ = {
			isa = PBXNativeTarget;
			buildConfigurationList = 943229D029861DE400320902 /* Build configuration list for PBXNativeTarget "Honey" */;
			buildPhases = (
				943229BE29861DE100320902 /* Sources */,
				943229BF29861DE100320902 /* Frameworks */,
				943229C029861DE100320902 /* Resources */,
			);
			buildRules = (
			);
			dependencies = (
			);
			name = Honey;
			productName = Honey;
			productReference = 943229C229861DE100320902 /* Honey.app */;
			productType = "com.apple.product-type.application";
		};
/* End PBXNativeTarget section */

/* Begin PBXProject section */
		943229BA29861DE100320902 /* Project object */ = {
			isa = PBXProject;
			attributes = {
				BuildIndependentTargetsInParallel = 1;
				LastSwiftUpdateCheck = 1420;
				LastUpgradeCheck = 1420;
				TargetAttributes = {
					943229C129861DE100320902 = {
						CreatedOnToolsVersion = 14.2;
					};
				};
			};
			buildConfigurationList = 943229BD29861DE100320902 /* Build configuration list for PBXProject "Honey" */;
			compatibilityVersion = "Xcode 14.0";
			developmentRegion = en;
			hasScannedForEncodings = 0;
			knownRegions = (
				en,
				Base,
			);
			mainGroup = 943229B929861DE100320902;
			productRefGroup = 943229C329861DE100320902 /* Products */;
			projectDirPath = "";
			projectRoot = "";
			targets = (
				943229C129861DE100320902 /* Honey */,
			);
		};
/* End PBXProject section */

/* Begin PBXResourcesBuildPhase section */
		943229C029861DE100320902 /* Resources */ = {
			isa = PBXResourcesBuildPhase;
			buildActionMask = 2147483647;
			files = (
				943229D42986213900320902 /* Sounds in Resources */,
				943229CD29861DE400320902 /* Preview Assets.xcassets in Resources */,
				943229CA29861DE400320902 /* Assets.xcassets in Resources */,
			);
			runOnlyForDeploymentPostprocessing = 0;
		};
/* End PBXResourcesBuildPhase section */

/* Begin PBXSourcesBuildPhase section */
		943229BE29861DE100320902 /* Sources */ = {
			isa = PBXSourcesBuildPhase;
			buildActionMask = 2147483647;
			files = (
				94F4DB642986B4CA00B1271F /* HoneyView.swift in Sources */,
				94F4DB662986B7CA00B1271F /* FooterView.swift in Sources */,
				943229DC298623C400320902 /* HoneymoonData.swift in Sources */,
				943229D9298622FD00320902 /* HoneymoonModel.swift in Sources */,
				94F4DB692986BB6500B1271F /* HeaderComponent.swift in Sources */,
				943229C829861DE100320902 /* ContentView.swift in Sources */,
				943229C629861DE100320902 /* HoneyApp.swift in Sources */,
				943229DF298624EE00320902 /* CardView.swift in Sources */,
				94F4DB6B2986BCC000B1271F /* GuideComponent.swift in Sources */,
				94F4DB6D2986BF1500B1271F /* GuideView.swift in Sources */,
			);
			runOnlyForDeploymentPostprocessing = 0;
		};
/* End PBXSourcesBuildPhase section */

/* Begin XCBuildConfiguration section */
		943229CE29861DE400320902 /* Debug */ = {
			isa = XCBuildConfiguration;
			buildSettings = {
				ALWAYS_SEARCH_USER_PATHS = NO;
				CLANG_ANALYZER_NONNULL = YES;
				CLANG_ANALYZER_NUMBER_OBJECT_CONVERSION = YES_AGGRESSIVE;
				CLANG_CXX_LANGUAGE_STANDARD = "gnu++20";
				CLANG_ENABLE_MODULES = YES;
				CLANG_ENABLE_OBJC_ARC = YES;
				CLANG_ENABLE_OBJC_WEAK = YES;
				CLANG_WARN_BLOCK_CAPTURE_AUTORELEASING = YES;
				CLANG_WARN_BOOL_CONVERSION = YES;
				CLANG_WARN_COMMA = YES;
				CLANG_WARN_CONSTANT_CONVERSION = YES;
				CLANG_WARN_DEPRECATED_OBJC_IMPLEMENTATIONS = YES;
				CLANG_WARN_DIRECT_OBJC_ISA_USAGE = YES_ERROR;
				CLANG_WARN_DOCUMENTATION_COMMENTS = YES;
				CLANG_WARN_EMPTY_BODY = YES;
				CLANG_WARN_ENUM_CONVERSION = YES;
				CLANG_WARN_INFINITE_RECURSION = YES;
				CLANG_WARN_INT_CONVERSION = YES;
				CLANG_WARN_NON_LITERAL_NULL_CONVERSION = YES;
				CLANG_WARN_OBJC_IMPLICIT_RETAIN_SELF = YES;
				CLANG_WARN_OBJC_LITERAL_CONVERSION = YES;
				CLANG_WARN_OBJC_ROOT_CLASS = YES_ERROR;
				CLANG_WARN_QUOTED_INCLUDE_IN_FRAMEWORK_HEADER = YES;
				CLANG_WARN_RANGE_LOOP_ANALYSIS = YES;
				CLANG_WARN_STRICT_PROTOTYPES = YES;
				CLANG_WARN_SUSPICIOUS_MOVE = YES;
				CLANG_WARN_UNGUARDED_AVAILABILITY = YES_AGGRESSIVE;
				CLANG_WARN_UNREACHABLE_CODE = YES;
				CLANG_WARN__DUPLICATE_METHOD_MATCH = YES;
				COPY_PHASE_STRIP = NO;
				DEBUG_INFORMATION_FORMAT = dwarf;
				ENABLE_STRICT_OBJC_MSGSEND = YES;
				ENABLE_TESTABILITY = YES;
				GCC_C_LANGUAGE_STANDARD = gnu11;
				GCC_DYNAMIC_NO_PIC = NO;
				GCC_NO_COMMON_BLOCKS = YES;
				GCC_OPTIMIZATION_LEVEL = 0;
				GCC_PREPROCESSOR_DEFINITIONS = (
					"DEBUG=1",
					"$(inherited)",
				);
				GCC_WARN_64_TO_32_BIT_CONVERSION = YES;
				GCC_WARN_ABOUT_RETURN_TYPE = YES_ERROR;
				GCC_WARN_UNDECLARED_SELECTOR = YES;
				GCC_WARN_UNINITIALIZED_AUTOS = YES_AGGRESSIVE;
				GCC_WARN_UNUSED_FUNCTION = YES;
				GCC_WARN_UNUSED_VARIABLE = YES;
				IPHONEOS_DEPLOYMENT_TARGET = 16.2;
				MTL_ENABLE_DEBUG_INFO = INCLUDE_SOURCE;
				MTL_FAST_MATH = YES;
				ONLY_ACTIVE_ARCH = YES;
				SDKROOT = iphoneos;
				SWIFT_ACTIVE_COMPILATION_CONDITIONS = DEBUG;
				SWIFT_OPTIMIZATION_LEVEL = "-Onone";
			};
			name = Debug;
		};
		943229CF29861DE400320902 /* Release */ = {
			isa = XCBuildConfiguration;
			buildSettings = {
				ALWAYS_SEARCH_USER_PATHS = NO;
				CLANG_ANALYZER_NONNULL = YES;
				CLANG_ANALYZER_NUMBER_OBJECT_CONVERSION = YES_AGGRESSIVE;
				CLANG_CXX_LANGUAGE_STANDARD = "gnu++20";
				CLANG_ENABLE_MODULES = YES;
				CLANG_ENABLE_OBJC_ARC = YES;
				CLANG_ENABLE_OBJC_WEAK = YES;
				CLANG_WARN_BLOCK_CAPTURE_AUTORELEASING = YES;
				CLANG_WARN_BOOL_CONVERSION = YES;
				CLANG_WARN_COMMA = YES;
				CLANG_WARN_CONSTANT_CONVERSION = YES;
				CLANG_WARN_DEPRECATED_OBJC_IMPLEMENTATIONS = YES;
				CLANG_WARN_DIRECT_OBJC_ISA_USAGE = YES_ERROR;
				CLANG_WARN_DOCUMENTATION_COMMENTS = YES;
				CLANG_WARN_EMPTY_BODY = YES;
				CLANG_WARN_ENUM_CONVERSION = YES;
				CLANG_WARN_INFINITE_RECURSION = YES;
				CLANG_WARN_INT_CONVERSION = YES;
				CLANG_WARN_NON_LITERAL_NULL_CONVERSION = YES;
				CLANG_WARN_OBJC_IMPLICIT_RETAIN_SELF = YES;
				CLANG_WARN_OBJC_LITERAL_CONVERSION = YES;
				CLANG_WARN_OBJC_ROOT_CLASS = YES_ERROR;
				CLANG_WARN_QUOTED_INCLUDE_IN_FRAMEWORK_HEADER = YES;
				CLANG_WARN_RANGE_LOOP_ANALYSIS = YES;
				CLANG_WARN_STRICT_PROTOTYPES = YES;
				CLANG_WARN_SUSPICIOUS_MOVE = YES;
				CLANG_WARN_UNGUARDED_AVAILABILITY = YES_AGGRESSIVE;
				CLANG_WARN_UNREACHABLE_CODE = YES;
				CLANG_WARN__DUPLICATE_METHOD_MATCH = YES;
				COPY_PHASE_STRIP = NO;
				DEBUG_INFORMATION_FORMAT = "dwarf-with-dsym";
				ENABLE_NS_ASSERTIONS = NO;
				ENABLE_STRICT_OBJC_MSGSEND = YES;
				GCC_C_LANGUAGE_STANDARD = gnu11;
				GCC_NO_COMMON_BLOCKS = YES;
				GCC_WARN_64_TO_32_BIT_CONVERSION = YES;
				GCC_WARN_ABOUT_RETURN_TYPE = YES_ERROR;
				GCC_WARN_UNDECLARED_SELECTOR = YES;
				GCC_WARN_UNINITIALIZED_AUTOS = YES_AGGRESSIVE;
				GCC_WARN_UNUSED_FUNCTION = YES;
				GCC_WARN_UNUSED_VARIABLE = YES;
				IPHONEOS_DEPLOYMENT_TARGET = 16.2;
				MTL_ENABLE_DEBUG_INFO = NO;
				MTL_FAST_MATH = YES;
				SDKROOT = iphoneos;
				SWIFT_COMPILATION_MODE = wholemodule;
				SWIFT_OPTIMIZATION_LEVEL = "-O";
				VALIDATE_PRODUCT = YES;
			};
			name = Release;
		};
		943229D129861DE400320902 /* Debug */ = {
			isa = XCBuildConfiguration;
			buildSettings = {
				ASSETCATALOG_COMPILER_APPICON_NAME = AppIcon;
				ASSETCATALOG_COMPILER_GLOBAL_ACCENT_COLOR_NAME = AccentColor;
				CODE_SIGN_STYLE = Automatic;
				CURRENT_PROJECT_VERSION = 1;
				DEVELOPMENT_ASSET_PATHS = "\"Honey/Preview Content\"";
				DEVELOPMENT_TEAM = 7XDPS65F77;
				ENABLE_PREVIEWS = YES;
				GENERATE_INFOPLIST_FILE = YES;
				INFOPLIST_KEY_UIApplicationSceneManifest_Generation = YES;
				INFOPLIST_KEY_UIApplicationSupportsIndirectInputEvents = YES;
				INFOPLIST_KEY_UILaunchScreen_Generation = YES;
				INFOPLIST_KEY_UISupportedInterfaceOrientations = UIInterfaceOrientationPortrait;
				LD_RUNPATH_SEARCH_PATHS = (
					"$(inherited)",
					"@executable_path/Frameworks",
				);
				MARKETING_VERSION = 1.0;
				PRODUCT_BUNDLE_IDENTIFIER = katosteven.Honey;
				PRODUCT_NAME = "$(TARGET_NAME)";
				SWIFT_EMIT_LOC_STRINGS = YES;
				SWIFT_VERSION = 5.0;
				TARGETED_DEVICE_FAMILY = "1,2";
			};
			name = Debug;
		};
		943229D229861DE400320902 /* Release */ = {
			isa = XCBuildConfiguration;
			buildSettings = {
				ASSETCATALOG_COMPILER_APPICON_NAME = AppIcon;
				ASSETCATALOG_COMPILER_GLOBAL_ACCENT_COLOR_NAME = AccentColor;
				CODE_SIGN_STYLE = Automatic;
				CURRENT_PROJECT_VERSION = 1;
				DEVELOPMENT_ASSET_PATHS = "\"Honey/Preview Content\"";
				DEVELOPMENT_TEAM = 7XDPS65F77;
				ENABLE_PREVIEWS = YES;
				GENERATE_INFOPLIST_FILE = YES;
				INFOPLIST_KEY_UIApplicationSceneManifest_Generation = YES;
				INFOPLIST_KEY_UIApplicationSupportsIndirectInputEvents = YES;
				INFOPLIST_KEY_UILaunchScreen_Generation = YES;
				INFOPLIST_KEY_UISupportedInterfaceOrientations = UIInterfaceOrientationPortrait;
				LD_RUNPATH_SEARCH_PATHS = (
					"$(inherited)",
					"@executable_path/Frameworks",
				);
				MARKETING_VERSION = 1.0;
				PRODUCT_BUNDLE_IDENTIFIER = katosteven.Honey;
				PRODUCT_NAME = "$(TARGET_NAME)";
				SWIFT_EMIT_LOC_STRINGS = YES;
				SWIFT_VERSION = 5.0;
				TARGETED_DEVICE_FAMILY = "1,2";
			};
			name = Release;
		};
/* End XCBuildConfiguration section */

/* Begin XCConfigurationList section */
		943229BD29861DE100320902 /* Build configuration list for PBXProject "Honey" */ = {
			isa = XCConfigurationList;
			buildConfigurations = (
				943229CE29861DE400320902 /* Debug */,
				943229CF29861DE400320902 /* Release */,
			);
			defaultConfigurationIsVisible = 0;
			defaultConfigurationName = Release;
		};
		943229D029861DE400320902 /* Build configuration list for PBXNativeTarget "Honey" */ = {
			isa = XCConfigurationList;
			buildConfigurations = (
				943229D129861DE400320902 /* Debug */,
				943229D229861DE400320902 /* Release */,
			);
			defaultConfigurationIsVisible = 0;
			defaultConfigurationName = Release;
		};
/* End XCConfigurationList section */
	};
	rootObject = 943229BA29861DE100320902 /* Project object */;
}
